
Microsoft Visual Studio Solution File, Format Version 12.00
# Visual Studio 14
VisualStudioVersion = 14.0.24720.0
MinimumVisualStudioVersion = 10.0.40219.1
Project("{2150E333-8FDC-42A3-9474-1A3956D46DE8}") = "Chapter3", "Chapter3", "{5FF8FD1B-C4B9-4A1A-B9A2-B97F24B22E9F}"
EndProject
Project("{FAE04EC0-301F-11D3-BF4B-00C04F79EFBC}") = "CompVision.Shared", "CompVision.Shared\CompVision.Shared.csproj", "{59933F51-DF1E-416C-8440-359D10E5C2D2}"
EndProject
Project("{FAE04EC0-301F-11D3-BF4B-00C04F79EFBC}") = "BinaryImageLib", "BinaryImageLib\BinaryImageLib.csproj", "{A524F598-3616-415F-80E8-125006D0B2BB}"
EndProject
Project("{2150E333-8FDC-42A3-9474-1A3956D46DE8}") = "Testers", "Testers", "{AEC21A46-FA7E-4614-9920-B0B3532520E3}"
EndProject
Project("{FAE04EC0-301F-11D3-BF4B-00C04F79EFBC}") = "FindObjects", "FindObjects\FindObjects.csproj", "{B3EA0693-DDDE-455C-8FCA-1B3415FD0F12}"
EndProject
Project("{FAE04EC0-301F-11D3-BF4B-00C04F79EFBC}") = "ConnectedComponents", "ConnectedComponents\ConnectedComponents.csproj", "{73934550-9E3C-4EF1-8551-32931B2957B7}"
EndProject
Project("{FAE04EC0-301F-11D3-BF4B-00C04F79EFBC}") = "AreaProperties", "AreaProperties\AreaProperties.csproj", "{73FA28B5-8688-46A1-AADC-6AEA4B3C8B57}"
EndProject
Global
	GlobalSection(SolutionConfigurationPlatforms) = preSolution
		Debug|Any CPU = Debug|Any CPU
		Release|Any CPU = Release|Any CPU
	EndGlobalSection
	GlobalSection(ProjectConfigurationPlatforms) = postSolution
		{59933F51-DF1E-416C-8440-359D10E5C2D2}.Debug|Any CPU.ActiveCfg = Debug|Any CPU
		{59933F51-DF1E-416C-8440-359D10E5C2D2}.Debug|Any CPU.Build.0 = Debug|Any CPU
		{59933F51-DF1E-416C-8440-359D10E5C2D2}.Release|Any CPU.ActiveCfg = Release|Any CPU
		{59933F51-DF1E-416C-8440-359D10E5C2D2}.Release|Any CPU.Build.0 = Release|Any CPU
		{A524F598-3616-415F-80E8-125006D0B2BB}.Debug|Any CPU.ActiveCfg = Debug|Any CPU
		{A524F598-3616-415F-80E8-125006D0B2BB}.Debug|Any CPU.Build.0 = Debug|Any CPU
		{A524F598-3616-415F-80E8-125006D0B2BB}.Release|Any CPU.ActiveCfg = Release|Any CPU
		{A524F598-3616-415F-80E8-125006D0B2BB}.Release|Any CPU.Build.0 = Release|Any CPU
		{B3EA0693-DDDE-455C-8FCA-1B3415FD0F12}.Debug|Any CPU.ActiveCfg = Debug|Any CPU
		{B3EA0693-DDDE-455C-8FCA-1B3415FD0F12}.Debug|Any CPU.Build.0 = Debug|Any CPU
		{B3EA0693-DDDE-455C-8FCA-1B3415FD0F12}.Release|Any CPU.ActiveCfg = Release|Any CPU
		{B3EA0693-DDDE-455C-8FCA-1B3415FD0F12}.Release|Any CPU.Build.0 = Release|Any CPU
		{73934550-9E3C-4EF1-8551-32931B2957B7}.Debug|Any CPU.ActiveCfg = Debug|Any CPU
		{73934550-9E3C-4EF1-8551-32931B2957B7}.Debug|Any CPU.Build.0 = Debug|Any CPU
		{73934550-9E3C-4EF1-8551-32931B2957B7}.Release|Any CPU.ActiveCfg = Release|Any CPU
		{73934550-9E3C-4EF1-8551-32931B2957B7}.Release|Any CPU.Build.0 = Release|Any CPU
		{73FA28B5-8688-46A1-AADC-6AEA4B3C8B57}.Debug|Any CPU.ActiveCfg = Debug|Any CPU
		{73FA28B5-8688-46A1-AADC-6AEA4B3C8B57}.Debug|Any CPU.Build.0 = Debug|Any CPU
		{73FA28B5-8688-46A1-AADC-6AEA4B3C8B57}.Release|Any CPU.ActiveCfg = Release|Any CPU
		{73FA28B5-8688-46A1-AADC-6AEA4B3C8B57}.Release|Any CPU.Build.0 = Release|Any CPU
	EndGlobalSection
	GlobalSection(SolutionProperties) = preSolution
		HideSolutionNode = FALSE
	EndGlobalSection
	GlobalSection(NestedProjects) = preSolution
		{A524F598-3616-415F-80E8-125006D0B2BB} = {5FF8FD1B-C4B9-4A1A-B9A2-B97F24B22E9F}
		{AEC21A46-FA7E-4614-9920-B0B3532520E3} = {5FF8FD1B-C4B9-4A1A-B9A2-B97F24B22E9F}
		{B3EA0693-DDDE-455C-8FCA-1B3415FD0F12} = {AEC21A46-FA7E-4614-9920-B0B3532520E3}
		{73934550-9E3C-4EF1-8551-32931B2957B7} = {AEC21A46-FA7E-4614-9920-B0B3532520E3}
		{73FA28B5-8688-46A1-AADC-6AEA4B3C8B57} = {AEC21A46-FA7E-4614-9920-B0B3532520E3}
	EndGlobalSection
EndGlobal
