
Microsoft Visual Studio Solution File, Format Version 12.00
# Visual Studio 14
VisualStudioVersion = 14.0.24720.0
MinimumVisualStudioVersion = 10.0.40219.1
Project("{2150E333-8FDC-42A3-9474-1A3956D46DE8}") = "Chapter3", "Chapter3", "{5FF8FD1B-C4B9-4A1A-B9A2-B97F24B22E9F}"
EndProject
Project("{FAE04EC0-301F-11D3-BF4B-00C04F79EFBC}") = "CompVision.Shared", "CompVision.Shared\CompVision.Shared.csproj", "{59933F51-DF1E-416C-8440-359D10E5C2D2}"
EndProject
Project("{FAE04EC0-301F-11D3-BF4B-00C04F79EFBC}") = "BinaryImageWorks", "BinaryImageWorks\BinaryImageWorks.csproj", "{D62A166B-8CE4-4EBD-8B9C-5693CF5A8B84}"
EndProject
Global
	GlobalSection(SolutionConfigurationPlatforms) = preSolution
		Debug|Any CPU = Debug|Any CPU
		Release|Any CPU = Release|Any CPU
	EndGlobalSection
	GlobalSection(ProjectConfigurationPlatforms) = postSolution
		{59933F51-DF1E-416C-8440-359D10E5C2D2}.Debug|Any CPU.ActiveCfg = Debug|Any CPU
		{59933F51-DF1E-416C-8440-359D10E5C2D2}.Debug|Any CPU.Build.0 = Debug|Any CPU
		{59933F51-DF1E-416C-8440-359D10E5C2D2}.Release|Any CPU.ActiveCfg = Release|Any CPU
		{59933F51-DF1E-416C-8440-359D10E5C2D2}.Release|Any CPU.Build.0 = Release|Any CPU
		{D62A166B-8CE4-4EBD-8B9C-5693CF5A8B84}.Debug|Any CPU.ActiveCfg = Debug|Any CPU
		{D62A166B-8CE4-4EBD-8B9C-5693CF5A8B84}.Debug|Any CPU.Build.0 = Debug|Any CPU
		{D62A166B-8CE4-4EBD-8B9C-5693CF5A8B84}.Release|Any CPU.ActiveCfg = Release|Any CPU
		{D62A166B-8CE4-4EBD-8B9C-5693CF5A8B84}.Release|Any CPU.Build.0 = Release|Any CPU
	EndGlobalSection
	GlobalSection(SolutionProperties) = preSolution
		HideSolutionNode = FALSE
	EndGlobalSection
	GlobalSection(NestedProjects) = preSolution
		{D62A166B-8CE4-4EBD-8B9C-5693CF5A8B84} = {5FF8FD1B-C4B9-4A1A-B9A2-B97F24B22E9F}
	EndGlobalSection
EndGlobal
